
Microsoft Visual Studio Solution File, Format Version 12.00
Project("{FAE04EC0-301F-11D3-BF4B-00C04F79EFBC}") = "si730ebuu20220659", "si730ebuu20220659\si730ebuu20220659.csproj", "{F14667D4-6F3A-4A3E-B12E-81008557EA1D}"
EndProject
Global
	GlobalSection(SolutionConfigurationPlatforms) = preSolution
		Debug|Any CPU = Debug|Any CPU
		Release|Any CPU = Release|Any CPU
	EndGlobalSection
	GlobalSection(ProjectConfigurationPlatforms) = postSolution
		{F14667D4-6F3A-4A3E-B12E-81008557EA1D}.Debug|Any CPU.ActiveCfg = Debug|Any CPU
		{F14667D4-6F3A-4A3E-B12E-81008557EA1D}.Debug|Any CPU.Build.0 = Debug|Any CPU
		{F14667D4-6F3A-4A3E-B12E-81008557EA1D}.Release|Any CPU.ActiveCfg = Release|Any CPU
		{F14667D4-6F3A-4A3E-B12E-81008557EA1D}.Release|Any CPU.Build.0 = Release|Any CPU
	EndGlobalSection
EndGlobal
